
Microsoft Visual Studio Solution File, Format Version 12.00
# Visual Studio 2012
Project("{FAE04EC0-301F-11D3-BF4B-00C04F79EFBC}") = "SFW.Web", "SFW.Web\SFW.Web.csproj", "{72D226F6-1674-4AFB-8F53-C4E4E688AFB2}"
EndProject
Project("{FAE04EC0-301F-11D3-BF4B-00C04F79EFBC}") = "SFW.BE", "..\SFW.BE\SFW.BE.csproj", "{04B9932C-66B8-4672-99F6-AAE4294A3760}"
EndProject
Project("{FAE04EC0-301F-11D3-BF4B-00C04F79EFBC}") = "SFW.BL", "..\SFW.BL\SFW.BL.csproj", "{854AAA00-ED4C-4938-B12E-96797EED2B31}"
EndProject
Project("{FAE04EC0-301F-11D3-BF4B-00C04F79EFBC}") = "SFW.DAO", "..\SFW.DAO\SFW.DAO.csproj", "{87F21B86-8B77-4E5C-9A5C-27119991125F}"
EndProject
Global
	GlobalSection(SolutionConfigurationPlatforms) = preSolution
		Debug|Any CPU = Debug|Any CPU
		Release|Any CPU = Release|Any CPU
	EndGlobalSection
	GlobalSection(ProjectConfigurationPlatforms) = postSolution
		{72D226F6-1674-4AFB-8F53-C4E4E688AFB2}.Debug|Any CPU.ActiveCfg = Debug|Any CPU
		{72D226F6-1674-4AFB-8F53-C4E4E688AFB2}.Debug|Any CPU.Build.0 = Debug|Any CPU
		{72D226F6-1674-4AFB-8F53-C4E4E688AFB2}.Release|Any CPU.ActiveCfg = Release|Any CPU
		{72D226F6-1674-4AFB-8F53-C4E4E688AFB2}.Release|Any CPU.Build.0 = Release|Any CPU
		{04B9932C-66B8-4672-99F6-AAE4294A3760}.Debug|Any CPU.ActiveCfg = Debug|Any CPU
		{04B9932C-66B8-4672-99F6-AAE4294A3760}.Debug|Any CPU.Build.0 = Debug|Any CPU
		{04B9932C-66B8-4672-99F6-AAE4294A3760}.Release|Any CPU.ActiveCfg = Release|Any CPU
		{04B9932C-66B8-4672-99F6-AAE4294A3760}.Release|Any CPU.Build.0 = Release|Any CPU
		{854AAA00-ED4C-4938-B12E-96797EED2B31}.Debug|Any CPU.ActiveCfg = Debug|Any CPU
		{854AAA00-ED4C-4938-B12E-96797EED2B31}.Debug|Any CPU.Build.0 = Debug|Any CPU
		{854AAA00-ED4C-4938-B12E-96797EED2B31}.Release|Any CPU.ActiveCfg = Release|Any CPU
		{854AAA00-ED4C-4938-B12E-96797EED2B31}.Release|Any CPU.Build.0 = Release|Any CPU
		{87F21B86-8B77-4E5C-9A5C-27119991125F}.Debug|Any CPU.ActiveCfg = Debug|Any CPU
		{87F21B86-8B77-4E5C-9A5C-27119991125F}.Debug|Any CPU.Build.0 = Debug|Any CPU
		{87F21B86-8B77-4E5C-9A5C-27119991125F}.Release|Any CPU.ActiveCfg = Release|Any CPU
		{87F21B86-8B77-4E5C-9A5C-27119991125F}.Release|Any CPU.Build.0 = Release|Any CPU
	EndGlobalSection
	GlobalSection(SolutionProperties) = preSolution
		HideSolutionNode = FALSE
	EndGlobalSection
EndGlobal
